
Microsoft Visual Studio Solution File, Format Version 12.00
# Visual Studio Version 17
VisualStudioVersion = 17.3.32929.385
MinimumVisualStudioVersion = 10.0.40219.1
Project("{8BC9CEB8-8B4A-11D0-8D11-00A0C91BC942}") = "spaceinvaders2", "spaceinvaders2.vcxproj", "{CEC322D7-34B2-46DB-928F-064CDE7BE86D}"
EndProject
Global
	GlobalSection(SolutionConfigurationPlatforms) = preSolution
		Debug|x64 = Debug|x64
		Debug|x86 = Debug|x86
		Release|x64 = Release|x64
		Release|x86 = Release|x86
	EndGlobalSection
	GlobalSection(ProjectConfigurationPlatforms) = postSolution
		{CEC322D7-34B2-46DB-928F-064CDE7BE86D}.Debug|x64.ActiveCfg = Debug|x64
		{CEC322D7-34B2-46DB-928F-064CDE7BE86D}.Debug|x64.Build.0 = Debug|x64
		{CEC322D7-34B2-46DB-928F-064CDE7BE86D}.Debug|x86.ActiveCfg = Debug|Win32
		{CEC322D7-34B2-46DB-928F-064CDE7BE86D}.Debug|x86.Build.0 = Debug|Win32
		{CEC322D7-34B2-46DB-928F-064CDE7BE86D}.Release|x64.ActiveCfg = Release|x64
		{CEC322D7-34B2-46DB-928F-064CDE7BE86D}.Release|x64.Build.0 = Release|x64
		{CEC322D7-34B2-46DB-928F-064CDE7BE86D}.Release|x86.ActiveCfg = Release|Win32
		{CEC322D7-34B2-46DB-928F-064CDE7BE86D}.Release|x86.Build.0 = Release|Win32
	EndGlobalSection
	GlobalSection(SolutionProperties) = preSolution
		HideSolutionNode = FALSE
	EndGlobalSection
	GlobalSection(ExtensibilityGlobals) = postSolution
		SolutionGuid = {A4C65402-8194-4561-A601-9907C4564A9B}
	EndGlobalSection
EndGlobal
